// !$*UTF8*$!
{
	archiveVersion = 1;
	classes = {
	};
	objectVersion = 45;
	objects = {

/* Begin PBXBuildFile section */
		1D3623260D0F684500981E51 /* GreenLeagueAppDelegate.m in Sources */ = {isa = PBXBuildFile; fileRef = 1D3623250D0F684500981E51 /* GreenLeagueAppDelegate.m */; };
		1D60589B0D05DD56006BFB54 /* main.m in Sources */ = {isa = PBXBuildFile; fileRef = 29B97316FDCFA39411CA2CEA /* main.m */; };
		1D60589F0D05DD5A006BFB54 /* Foundation.framework in Frameworks */ = {isa = PBXBuildFile; fileRef = 1D30AB110D05D00D00671497 /* Foundation.framework */; };
		1DF5F4E00D08C38300B7A737 /* UIKit.framework in Frameworks */ = {isa = PBXBuildFile; fileRef = 1DF5F4DF0D08C38300B7A737 /* UIKit.framework */; };
		288765080DF74369002DB57D /* CoreGraphics.framework in Frameworks */ = {isa = PBXBuildFile; fileRef = 288765070DF74369002DB57D /* CoreGraphics.framework */; };
		28AD73880D9D96C1002E5188 /* MainWindow.xib in Resources */ = {isa = PBXBuildFile; fileRef = 28AD73870D9D96C1002E5188 /* MainWindow.xib */; };
		3D03A6AB131E457900F6B225 /* UniversityDetailViewController.m in Sources */ = {isa = PBXBuildFile; fileRef = 3D03A6A9131E457900F6B225 /* UniversityDetailViewController.m */; };
		3D03A6AC131E457900F6B225 /* UniversityDetailViewController.xib in Resources */ = {isa = PBXBuildFile; fileRef = 3D03A6AA131E457900F6B225 /* UniversityDetailViewController.xib */; };
		3D03A6E6131E5A8B00F6B225 /* NSNumber+Helper.m in Sources */ = {isa = PBXBuildFile; fileRef = 3D03A6E5131E5A8B00F6B225 /* NSNumber+Helper.m */; };
		3D03A8FE131E8CA700F6B225 /* UIColor+Helper.m in Sources */ = {isa = PBXBuildFile; fileRef = 3D03A8FD131E8CA700F6B225 /* UIColor+Helper.m */; };
		3D03AA8D131EAA9400F6B225 /* UniversityMoreDetailViewController.m in Sources */ = {isa = PBXBuildFile; fileRef = 3D03AA8B131EAA9400F6B225 /* UniversityMoreDetailViewController.m */; };
		3D03AA8E131EAA9400F6B225 /* UniversityMoreDetailViewController.xib in Resources */ = {isa = PBXBuildFile; fileRef = 3D03AA8C131EAA9400F6B225 /* UniversityMoreDetailViewController.xib */; };
		3D03AC671321252900F6B225 /* badge_1st.png in Resources */ = {isa = PBXBuildFile; fileRef = 3D03AC621321252900F6B225 /* badge_1st.png */; };
		3D03AC681321252900F6B225 /* badge_3rd.png in Resources */ = {isa = PBXBuildFile; fileRef = 3D03AC631321252900F6B225 /* badge_3rd.png */; };
		3D03AC691321252900F6B225 /* badge_21.png in Resources */ = {isa = PBXBuildFile; fileRef = 3D03AC641321252900F6B225 /* badge_21.png */; };
		3D03AC6A1321252900F6B225 /* badge_22.png in Resources */ = {isa = PBXBuildFile; fileRef = 3D03AC651321252900F6B225 /* badge_22.png */; };
		3D03AC6B1321252900F6B225 /* badge_fail.png in Resources */ = {isa = PBXBuildFile; fileRef = 3D03AC661321252900F6B225 /* badge_fail.png */; };
		3D03AD511321676A00F6B225 /* UniversitiesModel.m in Sources */ = {isa = PBXBuildFile; fileRef = 3D03AD501321676A00F6B225 /* UniversitiesModel.m */; };
		3D0B9ACE138FEC2F00A9D6E6 /* table-key-no-help.png in Resources */ = {isa = PBXBuildFile; fileRef = 3D0B9ACC138FEC2F00A9D6E6 /* table-key-no-help.png */; };
		3D0B9ACF138FEC2F00A9D6E6 /* table-key-no-help@2x.png in Resources */ = {isa = PBXBuildFile; fileRef = 3D0B9ACD138FEC2F00A9D6E6 /* table-key-no-help@2x.png */; };
		3D125E53138575A80042E1A6 /* UniversityComparisonRowViewController.m in Sources */ = {isa = PBXBuildFile; fileRef = 3D125E52138575A80042E1A6 /* UniversityComparisonRowViewController.m */; };
		3D308E0B1316552A00D37010 /* NSString+Helper.m in Sources */ = {isa = PBXBuildFile; fileRef = 3D308E0A1316552A00D37010 /* NSString+Helper.m */; };
		3D308E17131658B800D37010 /* Rakefile in Resources */ = {isa = PBXBuildFile; fileRef = 3D308E16131658B800D37010 /* Rakefile */; };
		3D308E5B1316BB8C00D37010 /* CompareViewController.m in Sources */ = {isa = PBXBuildFile; fileRef = 3D308E591316BB8C00D37010 /* CompareViewController.m */; };
		3D308E5C1316BB8C00D37010 /* CompareViewController.xib in Resources */ = {isa = PBXBuildFile; fileRef = 3D308E5A1316BB8C00D37010 /* CompareViewController.xib */; };
		3D308E631316BBC600D37010 /* AboutViewController.m in Sources */ = {isa = PBXBuildFile; fileRef = 3D308E611316BBC600D37010 /* AboutViewController.m */; };
		3D308E641316BBC600D37010 /* AboutViewController.xib in Resources */ = {isa = PBXBuildFile; fileRef = 3D308E621316BBC600D37010 /* AboutViewController.xib */; };
		3D308E6E1316BC9F00D37010 /* 189-plant.png in Resources */ = {isa = PBXBuildFile; fileRef = 3D308E6C1316BC9F00D37010 /* 189-plant.png */; };
		3D308E6F1316BC9F00D37010 /* 189-plant@2x.png in Resources */ = {isa = PBXBuildFile; fileRef = 3D308E6D1316BC9F00D37010 /* 189-plant@2x.png */; };
		3D308E721316BCAA00D37010 /* 12-eye.png in Resources */ = {isa = PBXBuildFile; fileRef = 3D308E701316BCAA00D37010 /* 12-eye.png */; };
		3D308E731316BCAA00D37010 /* 12-eye@2x.png in Resources */ = {isa = PBXBuildFile; fileRef = 3D308E711316BCAA00D37010 /* 12-eye@2x.png */; };
		3D308E891316C5BF00D37010 /* green_league.xcdatamodel in Sources */ = {isa = PBXBuildFile; fileRef = 3D308E881316C5BF00D37010 /* green_league.xcdatamodel */; };
		3D32953F1385498D00B02A1D /* gl11-export-filtered.csv in Resources */ = {isa = PBXBuildFile; fileRef = 3D32953E1385498D00B02A1D /* gl11-export-filtered.csv */; };
		3D422DBA1366CC0200DA0F53 /* pebble-logo.png in Resources */ = {isa = PBXBuildFile; fileRef = 3D422DB91366CC0200DA0F53 /* pebble-logo.png */; };
		3D5A78B11381299E0009858C /* gl11-export-draft-key.csv in Resources */ = {isa = PBXBuildFile; fileRef = 3D5A78B01381299E0009858C /* gl11-export-draft-key.csv */; };
		3D5BFBE1137013A8004DFA0B /* table-key.png in Resources */ = {isa = PBXBuildFile; fileRef = 3D5BFBE0137013A8004DFA0B /* table-key.png */; };
		3D6289C7138D1D65008B3C08 /* MethodologyViewController.m in Sources */ = {isa = PBXBuildFile; fileRef = 3D6289C5138D1D65008B3C08 /* MethodologyViewController.m */; };
		3D6289C8138D1D65008B3C08 /* MethodologyViewController.xib in Resources */ = {isa = PBXBuildFile; fileRef = 3D6289C6138D1D65008B3C08 /* MethodologyViewController.xib */; };
		3D6289CC138D25A0008B3C08 /* Methodology.html in Resources */ = {isa = PBXBuildFile; fileRef = 3D6289CB138D25A0008B3C08 /* Methodology.html */; };
		3D6289E4138D4ED3008B3C08 /* jquery-1.6.1.min.js in Resources */ = {isa = PBXBuildFile; fileRef = 3D6289E1138D4D0C008B3C08 /* jquery-1.6.1.min.js */; };
		3D73126B138E698B007F6962 /* 179-notepad.png in Resources */ = {isa = PBXBuildFile; fileRef = 3D731269138E698B007F6962 /* 179-notepad.png */; };
		3D73126C138E698B007F6962 /* 179-notepad@2x.png in Resources */ = {isa = PBXBuildFile; fileRef = 3D73126A138E698B007F6962 /* 179-notepad@2x.png */; };
		3D73129E138E8C0F007F6962 /* About.html in Resources */ = {isa = PBXBuildFile; fileRef = 3D73129D138E8C0F007F6962 /* About.html */; };
		3D7E78B31372B0E9009F4A35 /* Icon-72.png in Resources */ = {isa = PBXBuildFile; fileRef = 3D7E78AF1372B0E9009F4A35 /* Icon-72.png */; };
		3D7E78B41372B0E9009F4A35 /* Icon.png in Resources */ = {isa = PBXBuildFile; fileRef = 3D7E78B01372B0E9009F4A35 /* Icon.png */; };
		3D7E78B51372B0E9009F4A35 /* Icon@2x.png in Resources */ = {isa = PBXBuildFile; fileRef = 3D7E78B11372B0E9009F4A35 /* Icon@2x.png */; };
		3D7E78B61372B0E9009F4A35 /* iTunesArtwork.png in Resources */ = {isa = PBXBuildFile; fileRef = 3D7E78B21372B0E9009F4A35 /* iTunesArtwork.png */; };
		3D7E78B91372B74C009F4A35 /* Default.png in Resources */ = {isa = PBXBuildFile; fileRef = 3D7E78B71372B74C009F4A35 /* Default.png */; };
		3D7E78BA1372B74C009F4A35 /* Default@2x.png in Resources */ = {isa = PBXBuildFile; fileRef = 3D7E78B81372B74C009F4A35 /* Default@2x.png */; };
		3D7E78EA1372BB97009F4A35 /* table-key@2x.png in Resources */ = {isa = PBXBuildFile; fileRef = 3D7E78E91372BB97009F4A35 /* table-key@2x.png */; };
		3D7E78FE1372C2DF009F4A35 /* star_awful.png in Resources */ = {isa = PBXBuildFile; fileRef = 3D7E78F51372C2DE009F4A35 /* star_awful.png */; };
		3D7E78FF1372C2DF009F4A35 /* star_awful@2x.png in Resources */ = {isa = PBXBuildFile; fileRef = 3D7E78F61372C2DE009F4A35 /* star_awful@2x.png */; };
		3D7E79001372C2DF009F4A35 /* star_excellent.png in Resources */ = {isa = PBXBuildFile; fileRef = 3D7E78F71372C2DE009F4A35 /* star_excellent.png */; };
		3D7E79011372C2DF009F4A35 /* star_excellent@2x.png in Resources */ = {isa = PBXBuildFile; fileRef = 3D7E78F81372C2DE009F4A35 /* star_excellent@2x.png */; };
		3D7E79021372C2DF009F4A35 /* star_no_data@2x.png in Resources */ = {isa = PBXBuildFile; fileRef = 3D7E78F91372C2DE009F4A35 /* star_no_data@2x.png */; };
		3D7E79031372C2DF009F4A35 /* star_ok.png in Resources */ = {isa = PBXBuildFile; fileRef = 3D7E78FA1372C2DF009F4A35 /* star_ok.png */; };
		3D7E79041372C2DF009F4A35 /* star_ok@2x.png in Resources */ = {isa = PBXBuildFile; fileRef = 3D7E78FB1372C2DF009F4A35 /* star_ok@2x.png */; };
		3D7E79051372C2DF009F4A35 /* star_poor.png in Resources */ = {isa = PBXBuildFile; fileRef = 3D7E78FC1372C2DF009F4A35 /* star_poor.png */; };
		3D7E79061372C2DF009F4A35 /* star_poor@2x.png in Resources */ = {isa = PBXBuildFile; fileRef = 3D7E78FD1372C2DF009F4A35 /* star_poor@2x.png */; };
		3D8EA16D1371AF9100321D71 /* CompareViewControllerFullScreen.m in Sources */ = {isa = PBXBuildFile; fileRef = 3D8EA16B1371AF9000321D71 /* CompareViewControllerFullScreen.m */; };
		3D8EA16E1371AF9100321D71 /* CompareViewControllerFullScreen.xib in Resources */ = {isa = PBXBuildFile; fileRef = 3D8EA16C1371AF9000321D71 /* CompareViewControllerFullScreen.xib */; };
		3D8EA1731371C18000321D71 /* 09-arrows-out.png in Resources */ = {isa = PBXBuildFile; fileRef = 3D8EA16F1371C18000321D71 /* 09-arrows-out.png */; };
		3D8EA1741371C18000321D71 /* 09-arrows-out@2x.png in Resources */ = {isa = PBXBuildFile; fileRef = 3D8EA1701371C18000321D71 /* 09-arrows-out@2x.png */; };
		3D8EA1751371C18000321D71 /* 10-arrows-in.png in Resources */ = {isa = PBXBuildFile; fileRef = 3D8EA1711371C18000321D71 /* 10-arrows-in.png */; };
		3D8EA1761371C18000321D71 /* 10-arrows-in@2x.png in Resources */ = {isa = PBXBuildFile; fileRef = 3D8EA1721371C18000321D71 /* 10-arrows-in@2x.png */; };
		3D8EA1781371C87C00321D71 /* table-key-fullscreen@2x.png in Resources */ = {isa = PBXBuildFile; fileRef = 3D8EA1771371C87C00321D71 /* table-key-fullscreen@2x.png */; };
		3D8EA17A1371C93900321D71 /* table-key-fullscreen.png in Resources */ = {isa = PBXBuildFile; fileRef = 3D8EA1791371C93900321D71 /* table-key-fullscreen.png */; };
		3DAF684A1386B0770042E84C /* _Score.m in Sources */ = {isa = PBXBuildFile; fileRef = 3DAF68451386B0760042E84C /* _Score.m */; };
		3DAF684B1386B0770042E84C /* _ScoreKey.m in Sources */ = {isa = PBXBuildFile; fileRef = 3DAF68471386B0760042E84C /* _ScoreKey.m */; };
		3DAF684C1386B0770042E84C /* _University.m in Sources */ = {isa = PBXBuildFile; fileRef = 3DAF68491386B0760042E84C /* _University.m */; };
		3DAF68531386B27B0042E84C /* Score.m in Sources */ = {isa = PBXBuildFile; fileRef = 3DAF684E1386B27B0042E84C /* Score.m */; };
		3DAF68541386B27B0042E84C /* ScoreKey.m in Sources */ = {isa = PBXBuildFile; fileRef = 3DAF68501386B27B0042E84C /* ScoreKey.m */; };
		3DAF68551386B27B0042E84C /* University.m in Sources */ = {isa = PBXBuildFile; fileRef = 3DAF68521386B27B0042E84C /* University.m */; };
		3DB0D9491315206D006FC601 /* FindViewController.m in Sources */ = {isa = PBXBuildFile; fileRef = 3DB0D9471315206D006FC601 /* FindViewController.m */; };
		3DB0D94A1315206D006FC601 /* FindViewController.xib in Resources */ = {isa = PBXBuildFile; fileRef = 3DB0D9481315206D006FC601 /* FindViewController.xib */; };
		3DB0D9551315222C006FC601 /* 06-magnify.png in Resources */ = {isa = PBXBuildFile; fileRef = 3DB0D9531315222C006FC601 /* 06-magnify.png */; };
		3DB0D9561315222C006FC601 /* 06-magnify@2x.png in Resources */ = {isa = PBXBuildFile; fileRef = 3DB0D9541315222C006FC601 /* 06-magnify@2x.png */; };
		3DB0D97213152B60006FC601 /* gl2010.csv in Resources */ = {isa = PBXBuildFile; fileRef = 3DB0D97113152B60006FC601 /* gl2010.csv */; };
		3DB0D9941315422C006FC601 /* CoreData.framework in Frameworks */ = {isa = PBXBuildFile; fileRef = 3DB0D9931315422C006FC601 /* CoreData.framework */; };
		3DC2E687137BE4A90017E939 /* description.txt in Resources */ = {isa = PBXBuildFile; fileRef = 3DC2E686137BE4A90017E939 /* description.txt */; };
		3DCA7326132659E6009D3505 /* FindSelectorViewController.m in Sources */ = {isa = PBXBuildFile; fileRef = 3DCA7324132659E5009D3505 /* FindSelectorViewController.m */; };
		3DCA7327132659E6009D3505 /* FindSelectorViewController.xib in Resources */ = {isa = PBXBuildFile; fileRef = 3DCA7325132659E6009D3505 /* FindSelectorViewController.xib */; };
		3DCA733813279F65009D3505 /* 07-arrow-north.png in Resources */ = {isa = PBXBuildFile; fileRef = 3DCA733413279F65009D3505 /* 07-arrow-north.png */; };
		3DCA733913279F65009D3505 /* 07-arrow-north@2x.png in Resources */ = {isa = PBXBuildFile; fileRef = 3DCA733513279F65009D3505 /* 07-arrow-north@2x.png */; };
		3DCA733A13279F65009D3505 /* 08-arrow-northeast.png in Resources */ = {isa = PBXBuildFile; fileRef = 3DCA733613279F65009D3505 /* 08-arrow-northeast.png */; };
		3DCA733B13279F65009D3505 /* 08-arrow-northeast@2x.png in Resources */ = {isa = PBXBuildFile; fileRef = 3DCA733713279F65009D3505 /* 08-arrow-northeast@2x.png */; };
		3DD5E8BF138AC8DC00D968C2 /* green_league_2011.sqlite in Resources */ = {isa = PBXBuildFile; fileRef = 3DD5E8BE138AC8DC00D968C2 /* green_league_2011.sqlite */; };
		3DD5E8C2138BB12C00D968C2 /* ScoreClassHelper.m in Sources */ = {isa = PBXBuildFile; fileRef = 3DD5E8C1138BB12C00D968C2 /* ScoreClassHelper.m */; };
		3DD5E8C8138BE4F200D968C2 /* badge_1st@2x.png in Resources */ = {isa = PBXBuildFile; fileRef = 3DD5E8C3138BE4F100D968C2 /* badge_1st@2x.png */; };
		3DD5E8C9138BE4F200D968C2 /* badge_3rd@2x.png in Resources */ = {isa = PBXBuildFile; fileRef = 3DD5E8C4138BE4F100D968C2 /* badge_3rd@2x.png */; };
		3DD5E8CA138BE4F200D968C2 /* badge_21@2x.png in Resources */ = {isa = PBXBuildFile; fileRef = 3DD5E8C5138BE4F100D968C2 /* badge_21@2x.png */; };
		3DD5E8CB138BE4F200D968C2 /* badge_22@2x.png in Resources */ = {isa = PBXBuildFile; fileRef = 3DD5E8C6138BE4F100D968C2 /* badge_22@2x.png */; };
		3DD5E8CC138BE4F200D968C2 /* badge_fail@2x.png in Resources */ = {isa = PBXBuildFile; fileRef = 3DD5E8C7138BE4F200D968C2 /* badge_fail@2x.png */; };
		3DD5E8CF138BEC1F00D968C2 /* background-leaf.png in Resources */ = {isa = PBXBuildFile; fileRef = 3DD5E8CD138BEC1E00D968C2 /* background-leaf.png */; };
		3DD5E8D0138BEC1F00D968C2 /* background-leaf@2x.png in Resources */ = {isa = PBXBuildFile; fileRef = 3DD5E8CE138BEC1F00D968C2 /* background-leaf@2x.png */; };
		3DD5E8D3138BF20500D968C2 /* gl2011-about-page.png in Resources */ = {isa = PBXBuildFile; fileRef = 3DD5E8D1138BF20500D968C2 /* gl2011-about-page.png */; };
		3DD5E8D4138BF20500D968C2 /* gl2011-about-page@2x.png in Resources */ = {isa = PBXBuildFile; fileRef = 3DD5E8D2138BF20500D968C2 /* gl2011-about-page@2x.png */; };
		3DD5E8D6138BFB2200D968C2 /* gl11-export-final.csv in Resources */ = {isa = PBXBuildFile; fileRef = 3DD5E8D5138BFB2200D968C2 /* gl11-export-final.csv */; };
		3DD5E8D8138BFB5F00D968C2 /* gl11-raw-export-final-key.csv in Resources */ = {isa = PBXBuildFile; fileRef = 3DD5E8D7138BFB5F00D968C2 /* gl11-raw-export-final-key.csv */; };
		3DD5E8DB138CFD9E00D968C2 /* donate_button.jpg in Resources */ = {isa = PBXBuildFile; fileRef = 3DD5E8D9138CFD9D00D968C2 /* donate_button.jpg */; };
		3DD5E8DC138CFD9E00D968C2 /* donate_button@2x.jpg in Resources */ = {isa = PBXBuildFile; fileRef = 3DD5E8DA138CFD9D00D968C2 /* donate_button@2x.jpg */; };
		3DD5E8DF138D05E200D968C2 /* UIApplication+Helper.m in Sources */ = {isa = PBXBuildFile; fileRef = 3DD5E8DE138D05E000D968C2 /* UIApplication+Helper.m */; };
		3DE4281E1327F49C002C53CE /* UniversityComparisonTitlesViewController.m in Sources */ = {isa = PBXBuildFile; fileRef = 3DE4281C1327F499002C53CE /* UniversityComparisonTitlesViewController.m */; };
		3DF051C2131FA15700AC430F /* AwardClassHelper.m in Sources */ = {isa = PBXBuildFile; fileRef = 3DF051C1131FA15700AC430F /* AwardClassHelper.m */; };
/* End PBXBuildFile section */

/* Begin PBXFileReference section */
		1D30AB110D05D00D00671497 /* Foundation.framework */ = {isa = PBXFileReference; lastKnownFileType = wrapper.framework; name = Foundation.framework; path = System/Library/Frameworks/Foundation.framework; sourceTree = SDKROOT; };
		1D3623240D0F684500981E51 /* GreenLeagueAppDelegate.h */ = {isa = PBXFileReference; fileEncoding = 4; lastKnownFileType = sourcecode.c.h; path = GreenLeagueAppDelegate.h; sourceTree = "<group>"; };
		1D3623250D0F684500981E51 /* GreenLeagueAppDelegate.m */ = {isa = PBXFileReference; fileEncoding = 4; lastKnownFileType = sourcecode.c.objc; path = GreenLeagueAppDelegate.m; sourceTree = "<group>"; };
		1D6058910D05DD3D006BFB54 /* GreenLeague.app */ = {isa = PBXFileReference; explicitFileType = wrapper.application; includeInIndex = 0; path = GreenLeague.app; sourceTree = BUILT_PRODUCTS_DIR; };
		1DF5F4DF0D08C38300B7A737 /* UIKit.framework */ = {isa = PBXFileReference; lastKnownFileType = wrapper.framework; name = UIKit.framework; path = System/Library/Frameworks/UIKit.framework; sourceTree = SDKROOT; };
		288765070DF74369002DB57D /* CoreGraphics.framework */ = {isa = PBXFileReference; lastKnownFileType = wrapper.framework; name = CoreGraphics.framework; path = System/Library/Frameworks/CoreGraphics.framework; sourceTree = SDKROOT; };
		28A0AB4B0D9B1048005BE974 /* GreenLeague_Prefix.pch */ = {isa = PBXFileReference; fileEncoding = 4; lastKnownFileType = sourcecode.c.h; path = GreenLeague_Prefix.pch; sourceTree = "<group>"; };
		28AD73870D9D96C1002E5188 /* MainWindow.xib */ = {isa = PBXFileReference; lastKnownFileType = file.xib; path = MainWindow.xib; sourceTree = "<group>"; };
		29B97316FDCFA39411CA2CEA /* main.m */ = {isa = PBXFileReference; fileEncoding = 4; lastKnownFileType = sourcecode.c.objc; path = main.m; sourceTree = "<group>"; };
		3D03A6A8131E457900F6B225 /* UniversityDetailViewController.h */ = {isa = PBXFileReference; fileEncoding = 4; lastKnownFileType = sourcecode.c.h; path = UniversityDetailViewController.h; sourceTree = "<group>"; };
		3D03A6A9131E457900F6B225 /* UniversityDetailViewController.m */ = {isa = PBXFileReference; fileEncoding = 4; lastKnownFileType = sourcecode.c.objc; path = UniversityDetailViewController.m; sourceTree = "<group>"; };
		3D03A6AA131E457900F6B225 /* UniversityDetailViewController.xib */ = {isa = PBXFileReference; lastKnownFileType = file.xib; path = UniversityDetailViewController.xib; sourceTree = "<group>"; };
		3D03A6E4131E5A8B00F6B225 /* NSNumber+Helper.h */ = {isa = PBXFileReference; fileEncoding = 4; lastKnownFileType = sourcecode.c.h; path = "NSNumber+Helper.h"; sourceTree = "<group>"; };
		3D03A6E5131E5A8B00F6B225 /* NSNumber+Helper.m */ = {isa = PBXFileReference; fileEncoding = 4; lastKnownFileType = sourcecode.c.objc; path = "NSNumber+Helper.m"; sourceTree = "<group>"; };
		3D03A8FC131E8CA700F6B225 /* UIColor+Helper.h */ = {isa = PBXFileReference; fileEncoding = 4; lastKnownFileType = sourcecode.c.h; path = "UIColor+Helper.h"; sourceTree = "<group>"; };
		3D03A8FD131E8CA700F6B225 /* UIColor+Helper.m */ = {isa = PBXFileReference; fileEncoding = 4; lastKnownFileType = sourcecode.c.objc; path = "UIColor+Helper.m"; sourceTree = "<group>"; };
		3D03AA8A131EAA9400F6B225 /* UniversityMoreDetailViewController.h */ = {isa = PBXFileReference; fileEncoding = 4; lastKnownFileType = sourcecode.c.h; path = UniversityMoreDetailViewController.h; sourceTree = "<group>"; };
		3D03AA8B131EAA9400F6B225 /* UniversityMoreDetailViewController.m */ = {isa = PBXFileReference; fileEncoding = 4; lastKnownFileType = sourcecode.c.objc; lineEnding = 0; path = UniversityMoreDetailViewController.m; sourceTree = "<group>"; xcLanguageSpecificationIdentifier = xcode.lang.objc; };
		3D03AA8C131EAA9400F6B225 /* UniversityMoreDetailViewController.xib */ = {isa = PBXFileReference; lastKnownFileType = file.xib; path = UniversityMoreDetailViewController.xib; sourceTree = "<group>"; };
		3D03AC621321252900F6B225 /* badge_1st.png */ = {isa = PBXFileReference; lastKnownFileType = image.png; path = badge_1st.png; sourceTree = "<group>"; };
		3D03AC631321252900F6B225 /* badge_3rd.png */ = {isa = PBXFileReference; lastKnownFileType = image.png; path = badge_3rd.png; sourceTree = "<group>"; };
		3D03AC641321252900F6B225 /* badge_21.png */ = {isa = PBXFileReference; lastKnownFileType = image.png; path = badge_21.png; sourceTree = "<group>"; };
		3D03AC651321252900F6B225 /* badge_22.png */ = {isa = PBXFileReference; lastKnownFileType = image.png; path = badge_22.png; sourceTree = "<group>"; };
		3D03AC661321252900F6B225 /* badge_fail.png */ = {isa = PBXFileReference; lastKnownFileType = image.png; path = badge_fail.png; sourceTree = "<group>"; };
		3D03AD4F1321676A00F6B225 /* UniversitiesModel.h */ = {isa = PBXFileReference; fileEncoding = 4; lastKnownFileType = sourcecode.c.h; path = UniversitiesModel.h; sourceTree = "<group>"; };
		3D03AD501321676A00F6B225 /* UniversitiesModel.m */ = {isa = PBXFileReference; fileEncoding = 4; lastKnownFileType = sourcecode.c.objc; lineEnding = 0; path = UniversitiesModel.m; sourceTree = "<group>"; xcLanguageSpecificationIdentifier = xcode.lang.objc; };
		3D0B9ACC138FEC2F00A9D6E6 /* table-key-no-help.png */ = {isa = PBXFileReference; lastKnownFileType = image.png; path = "table-key-no-help.png"; sourceTree = "<group>"; };
		3D0B9ACD138FEC2F00A9D6E6 /* table-key-no-help@2x.png */ = {isa = PBXFileReference; lastKnownFileType = image.png; path = "table-key-no-help@2x.png"; sourceTree = "<group>"; };
		3D0EDAE8138A7D8600F7AAC7 /* ComparisonViewDimensions.h */ = {isa = PBXFileReference; fileEncoding = 4; lastKnownFileType = sourcecode.c.h; path = ComparisonViewDimensions.h; sourceTree = "<group>"; };
		3D125E51138575A80042E1A6 /* UniversityComparisonRowViewController.h */ = {isa = PBXFileReference; fileEncoding = 4; lastKnownFileType = sourcecode.c.h; path = UniversityComparisonRowViewController.h; sourceTree = "<group>"; };
		3D125E52138575A80042E1A6 /* UniversityComparisonRowViewController.m */ = {isa = PBXFileReference; fileEncoding = 4; lastKnownFileType = sourcecode.c.objc; lineEnding = 0; path = UniversityComparisonRowViewController.m; sourceTree = "<group>"; xcLanguageSpecificationIdentifier = xcode.lang.objc; };
		3D308E091316552A00D37010 /* NSString+Helper.h */ = {isa = PBXFileReference; fileEncoding = 4; lastKnownFileType = sourcecode.c.h; path = "NSString+Helper.h"; sourceTree = "<group>"; };
		3D308E0A1316552A00D37010 /* NSString+Helper.m */ = {isa = PBXFileReference; fileEncoding = 4; lastKnownFileType = sourcecode.c.objc; path = "NSString+Helper.m"; sourceTree = "<group>"; };
		3D308E16131658B800D37010 /* Rakefile */ = {isa = PBXFileReference; fileEncoding = 4; lastKnownFileType = text; path = Rakefile; sourceTree = "<group>"; };
		3D308E191316590100D37010 /* README.markdown */ = {isa = PBXFileReference; fileEncoding = 4; lastKnownFileType = text; path = README.markdown; sourceTree = "<group>"; };
		3D308E581316BB8C00D37010 /* CompareViewController.h */ = {isa = PBXFileReference; fileEncoding = 4; lastKnownFileType = sourcecode.c.h; path = CompareViewController.h; sourceTree = "<group>"; };
		3D308E591316BB8C00D37010 /* CompareViewController.m */ = {isa = PBXFileReference; fileEncoding = 4; lastKnownFileType = sourcecode.c.objc; path = CompareViewController.m; sourceTree = "<group>"; };
		3D308E5A1316BB8C00D37010 /* CompareViewController.xib */ = {isa = PBXFileReference; lastKnownFileType = file.xib; path = CompareViewController.xib; sourceTree = "<group>"; };
		3D308E601316BBC600D37010 /* AboutViewController.h */ = {isa = PBXFileReference; fileEncoding = 4; lastKnownFileType = sourcecode.c.h; path = AboutViewController.h; sourceTree = "<group>"; };
		3D308E611316BBC600D37010 /* AboutViewController.m */ = {isa = PBXFileReference; fileEncoding = 4; lastKnownFileType = sourcecode.c.objc; path = AboutViewController.m; sourceTree = "<group>"; };
		3D308E621316BBC600D37010 /* AboutViewController.xib */ = {isa = PBXFileReference; lastKnownFileType = file.xib; path = AboutViewController.xib; sourceTree = "<group>"; };
		3D308E6C1316BC9F00D37010 /* 189-plant.png */ = {isa = PBXFileReference; lastKnownFileType = image.png; path = "189-plant.png"; sourceTree = "<group>"; };
		3D308E6D1316BC9F00D37010 /* 189-plant@2x.png */ = {isa = PBXFileReference; lastKnownFileType = image.png; path = "189-plant@2x.png"; sourceTree = "<group>"; };
		3D308E701316BCAA00D37010 /* 12-eye.png */ = {isa = PBXFileReference; lastKnownFileType = image.png; path = "12-eye.png"; sourceTree = "<group>"; };
		3D308E711316BCAA00D37010 /* 12-eye@2x.png */ = {isa = PBXFileReference; lastKnownFileType = image.png; path = "12-eye@2x.png"; sourceTree = "<group>"; };
		3D308E881316C5BF00D37010 /* green_league.xcdatamodel */ = {isa = PBXFileReference; fileEncoding = 4; lastKnownFileType = wrapper.xcdatamodel; name = green_league.xcdatamodel; path = Classes/green_league.xcdatamodel; sourceTree = "<group>"; };
		3D32953E1385498D00B02A1D /* gl11-export-filtered.csv */ = {isa = PBXFileReference; fileEncoding = 4; lastKnownFileType = text; path = "gl11-export-filtered.csv"; sourceTree = "<group>"; };
		3D422DB91366CC0200DA0F53 /* pebble-logo.png */ = {isa = PBXFileReference; lastKnownFileType = image.png; path = "pebble-logo.png"; sourceTree = "<group>"; };
		3D5A78B01381299E0009858C /* gl11-export-draft-key.csv */ = {isa = PBXFileReference; fileEncoding = 4; lastKnownFileType = text; path = "gl11-export-draft-key.csv"; sourceTree = "<group>"; };
		3D5BFBE0137013A8004DFA0B /* table-key.png */ = {isa = PBXFileReference; lastKnownFileType = image.png; path = "table-key.png"; sourceTree = "<group>"; };
		3D6289C4138D1D65008B3C08 /* MethodologyViewController.h */ = {isa = PBXFileReference; fileEncoding = 4; lastKnownFileType = sourcecode.c.h; path = MethodologyViewController.h; sourceTree = "<group>"; };
		3D6289C5138D1D65008B3C08 /* MethodologyViewController.m */ = {isa = PBXFileReference; fileEncoding = 4; lastKnownFileType = sourcecode.c.objc; path = MethodologyViewController.m; sourceTree = "<group>"; };
		3D6289C6138D1D65008B3C08 /* MethodologyViewController.xib */ = {isa = PBXFileReference; fileEncoding = 4; lastKnownFileType = file.xib; path = MethodologyViewController.xib; sourceTree = "<group>"; };
		3D6289CB138D25A0008B3C08 /* Methodology.html */ = {isa = PBXFileReference; fileEncoding = 4; lastKnownFileType = text.html; name = Methodology.html; path = Methodology/Methodology.html; sourceTree = "<group>"; };
		3D6289E1138D4D0C008B3C08 /* jquery-1.6.1.min.js */ = {isa = PBXFileReference; explicitFileType = sourcecode.javascript; fileEncoding = 4; name = "jquery-1.6.1.min.js"; path = "Methodology/jquery-1.6.1.min.js"; sourceTree = "<group>"; };
		3D731269138E698B007F6962 /* 179-notepad.png */ = {isa = PBXFileReference; lastKnownFileType = image.png; path = "179-notepad.png"; sourceTree = "<group>"; };
		3D73126A138E698B007F6962 /* 179-notepad@2x.png */ = {isa = PBXFileReference; lastKnownFileType = image.png; path = "179-notepad@2x.png"; sourceTree = "<group>"; };
		3D73129D138E8C0F007F6962 /* About.html */ = {isa = PBXFileReference; fileEncoding = 4; lastKnownFileType = text.html; path = About.html; sourceTree = SOURCE_ROOT; };
		3D7E78AF1372B0E9009F4A35 /* Icon-72.png */ = {isa = PBXFileReference; lastKnownFileType = image.png; path = "Icon-72.png"; sourceTree = "<group>"; };
		3D7E78B01372B0E9009F4A35 /* Icon.png */ = {isa = PBXFileReference; lastKnownFileType = image.png; path = Icon.png; sourceTree = "<group>"; };
		3D7E78B11372B0E9009F4A35 /* Icon@2x.png */ = {isa = PBXFileReference; lastKnownFileType = image.png; path = "Icon@2x.png"; sourceTree = "<group>"; };
		3D7E78B21372B0E9009F4A35 /* iTunesArtwork.png */ = {isa = PBXFileReference; lastKnownFileType = image.png; path = iTunesArtwork.png; sourceTree = "<group>"; };
		3D7E78B71372B74C009F4A35 /* Default.png */ = {isa = PBXFileReference; lastKnownFileType = image.png; path = Default.png; sourceTree = "<group>"; };
		3D7E78B81372B74C009F4A35 /* Default@2x.png */ = {isa = PBXFileReference; lastKnownFileType = image.png; path = "Default@2x.png"; sourceTree = "<group>"; };
		3D7E78E91372BB97009F4A35 /* table-key@2x.png */ = {isa = PBXFileReference; lastKnownFileType = image.png; path = "table-key@2x.png"; sourceTree = "<group>"; };
		3D7E78F51372C2DE009F4A35 /* star_awful.png */ = {isa = PBXFileReference; lastKnownFileType = image.png; path = star_awful.png; sourceTree = "<group>"; };
		3D7E78F61372C2DE009F4A35 /* star_awful@2x.png */ = {isa = PBXFileReference; lastKnownFileType = image.png; path = "star_awful@2x.png"; sourceTree = "<group>"; };
		3D7E78F71372C2DE009F4A35 /* star_excellent.png */ = {isa = PBXFileReference; lastKnownFileType = image.png; path = star_excellent.png; sourceTree = "<group>"; };
		3D7E78F81372C2DE009F4A35 /* star_excellent@2x.png */ = {isa = PBXFileReference; lastKnownFileType = image.png; path = "star_excellent@2x.png"; sourceTree = "<group>"; };
		3D7E78F91372C2DE009F4A35 /* star_no_data@2x.png */ = {isa = PBXFileReference; lastKnownFileType = image.png; path = "star_no_data@2x.png"; sourceTree = "<group>"; };
		3D7E78FA1372C2DF009F4A35 /* star_ok.png */ = {isa = PBXFileReference; lastKnownFileType = image.png; path = star_ok.png; sourceTree = "<group>"; };
		3D7E78FB1372C2DF009F4A35 /* star_ok@2x.png */ = {isa = PBXFileReference; lastKnownFileType = image.png; path = "star_ok@2x.png"; sourceTree = "<group>"; };
		3D7E78FC1372C2DF009F4A35 /* star_poor.png */ = {isa = PBXFileReference; lastKnownFileType = image.png; path = star_poor.png; sourceTree = "<group>"; };
		3D7E78FD1372C2DF009F4A35 /* star_poor@2x.png */ = {isa = PBXFileReference; lastKnownFileType = image.png; path = "star_poor@2x.png"; sourceTree = "<group>"; };
		3D8EA16A1371AF9000321D71 /* CompareViewControllerFullScreen.h */ = {isa = PBXFileReference; fileEncoding = 4; lastKnownFileType = sourcecode.c.h; path = CompareViewControllerFullScreen.h; sourceTree = "<group>"; };
		3D8EA16B1371AF9000321D71 /* CompareViewControllerFullScreen.m */ = {isa = PBXFileReference; fileEncoding = 4; lastKnownFileType = sourcecode.c.objc; path = CompareViewControllerFullScreen.m; sourceTree = "<group>"; };
		3D8EA16C1371AF9000321D71 /* CompareViewControllerFullScreen.xib */ = {isa = PBXFileReference; fileEncoding = 4; lastKnownFileType = file.xib; path = CompareViewControllerFullScreen.xib; sourceTree = "<group>"; };
		3D8EA16F1371C18000321D71 /* 09-arrows-out.png */ = {isa = PBXFileReference; lastKnownFileType = image.png; path = "09-arrows-out.png"; sourceTree = "<group>"; };
		3D8EA1701371C18000321D71 /* 09-arrows-out@2x.png */ = {isa = PBXFileReference; lastKnownFileType = image.png; path = "09-arrows-out@2x.png"; sourceTree = "<group>"; };
		3D8EA1711371C18000321D71 /* 10-arrows-in.png */ = {isa = PBXFileReference; lastKnownFileType = image.png; path = "10-arrows-in.png"; sourceTree = "<group>"; };
		3D8EA1721371C18000321D71 /* 10-arrows-in@2x.png */ = {isa = PBXFileReference; lastKnownFileType = image.png; path = "10-arrows-in@2x.png"; sourceTree = "<group>"; };
		3D8EA1771371C87C00321D71 /* table-key-fullscreen@2x.png */ = {isa = PBXFileReference; lastKnownFileType = image.png; path = "table-key-fullscreen@2x.png"; sourceTree = "<group>"; };
		3D8EA1791371C93900321D71 /* table-key-fullscreen.png */ = {isa = PBXFileReference; lastKnownFileType = image.png; path = "table-key-fullscreen.png"; sourceTree = "<group>"; };
		3DAF68441386B0760042E84C /* _Score.h */ = {isa = PBXFileReference; fileEncoding = 4; lastKnownFileType = sourcecode.c.h; name = _Score.h; path = Classes/_Score.h; sourceTree = "<group>"; };
		3DAF68451386B0760042E84C /* _Score.m */ = {isa = PBXFileReference; fileEncoding = 4; lastKnownFileType = sourcecode.c.objc; name = _Score.m; path = Classes/_Score.m; sourceTree = "<group>"; };
		3DAF68461386B0760042E84C /* _ScoreKey.h */ = {isa = PBXFileReference; fileEncoding = 4; lastKnownFileType = sourcecode.c.h; name = _ScoreKey.h; path = Classes/_ScoreKey.h; sourceTree = "<group>"; };
		3DAF68471386B0760042E84C /* _ScoreKey.m */ = {isa = PBXFileReference; fileEncoding = 4; lastKnownFileType = sourcecode.c.objc; name = _ScoreKey.m; path = Classes/_ScoreKey.m; sourceTree = "<group>"; };
		3DAF68481386B0760042E84C /* _University.h */ = {isa = PBXFileReference; fileEncoding = 4; lastKnownFileType = sourcecode.c.h; name = _University.h; path = Classes/_University.h; sourceTree = "<group>"; };
		3DAF68491386B0760042E84C /* _University.m */ = {isa = PBXFileReference; fileEncoding = 4; lastKnownFileType = sourcecode.c.objc; name = _University.m; path = Classes/_University.m; sourceTree = "<group>"; };
		3DAF684D1386B27B0042E84C /* Score.h */ = {isa = PBXFileReference; fileEncoding = 4; lastKnownFileType = sourcecode.c.h; name = Score.h; path = Classes/Score.h; sourceTree = "<group>"; };
		3DAF684E1386B27B0042E84C /* Score.m */ = {isa = PBXFileReference; fileEncoding = 4; lastKnownFileType = sourcecode.c.objc; name = Score.m; path = Classes/Score.m; sourceTree = "<group>"; };
		3DAF684F1386B27B0042E84C /* ScoreKey.h */ = {isa = PBXFileReference; fileEncoding = 4; lastKnownFileType = sourcecode.c.h; name = ScoreKey.h; path = Classes/ScoreKey.h; sourceTree = "<group>"; };
		3DAF68501386B27B0042E84C /* ScoreKey.m */ = {isa = PBXFileReference; fileEncoding = 4; lastKnownFileType = sourcecode.c.objc; name = ScoreKey.m; path = Classes/ScoreKey.m; sourceTree = "<group>"; };
		3DAF68511386B27B0042E84C /* University.h */ = {isa = PBXFileReference; fileEncoding = 4; lastKnownFileType = sourcecode.c.h; name = University.h; path = Classes/University.h; sourceTree = "<group>"; };
		3DAF68521386B27B0042E84C /* University.m */ = {isa = PBXFileReference; fileEncoding = 4; lastKnownFileType = sourcecode.c.objc; name = University.m; path = Classes/University.m; sourceTree = "<group>"; };
		3DB0D9461315206D006FC601 /* FindViewController.h */ = {isa = PBXFileReference; fileEncoding = 4; lastKnownFileType = sourcecode.c.h; path = FindViewController.h; sourceTree = "<group>"; };
		3DB0D9471315206D006FC601 /* FindViewController.m */ = {isa = PBXFileReference; fileEncoding = 4; lastKnownFileType = sourcecode.c.objc; path = FindViewController.m; sourceTree = "<group>"; };
		3DB0D9481315206D006FC601 /* FindViewController.xib */ = {isa = PBXFileReference; lastKnownFileType = file.xib; path = FindViewController.xib; sourceTree = "<group>"; };
		3DB0D9531315222C006FC601 /* 06-magnify.png */ = {isa = PBXFileReference; lastKnownFileType = image.png; path = "06-magnify.png"; sourceTree = "<group>"; };
		3DB0D9541315222C006FC601 /* 06-magnify@2x.png */ = {isa = PBXFileReference; lastKnownFileType = image.png; path = "06-magnify@2x.png"; sourceTree = "<group>"; };
		3DB0D97113152B60006FC601 /* gl2010.csv */ = {isa = PBXFileReference; fileEncoding = 4; lastKnownFileType = text; path = gl2010.csv; sourceTree = "<group>"; };
		3DB0D9931315422C006FC601 /* CoreData.framework */ = {isa = PBXFileReference; lastKnownFileType = wrapper.framework; name = CoreData.framework; path = System/Library/Frameworks/CoreData.framework; sourceTree = SDKROOT; };
		3DC2E686137BE4A90017E939 /* description.txt */ = {isa = PBXFileReference; fileEncoding = 4; lastKnownFileType = text; path = description.txt; sourceTree = "<group>"; };
		3DCA7323132659E5009D3505 /* FindSelectorViewController.h */ = {isa = PBXFileReference; fileEncoding = 4; lastKnownFileType = sourcecode.c.h; path = FindSelectorViewController.h; sourceTree = "<group>"; };
		3DCA7324132659E5009D3505 /* FindSelectorViewController.m */ = {isa = PBXFileReference; fileEncoding = 4; lastKnownFileType = sourcecode.c.objc; path = FindSelectorViewController.m; sourceTree = "<group>"; };
		3DCA7325132659E6009D3505 /* FindSelectorViewController.xib */ = {isa = PBXFileReference; fileEncoding = 4; lastKnownFileType = file.xib; path = FindSelectorViewController.xib; sourceTree = "<group>"; };
		3DCA733413279F65009D3505 /* 07-arrow-north.png */ = {isa = PBXFileReference; lastKnownFileType = image.png; path = "07-arrow-north.png"; sourceTree = "<group>"; };
		3DCA733513279F65009D3505 /* 07-arrow-north@2x.png */ = {isa = PBXFileReference; lastKnownFileType = image.png; path = "07-arrow-north@2x.png"; sourceTree = "<group>"; };
		3DCA733613279F65009D3505 /* 08-arrow-northeast.png */ = {isa = PBXFileReference; lastKnownFileType = image.png; path = "08-arrow-northeast.png"; sourceTree = "<group>"; };
		3DCA733713279F65009D3505 /* 08-arrow-northeast@2x.png */ = {isa = PBXFileReference; lastKnownFileType = image.png; path = "08-arrow-northeast@2x.png"; sourceTree = "<group>"; };
		3DD5E8BE138AC8DC00D968C2 /* green_league_2011.sqlite */ = {isa = PBXFileReference; lastKnownFileType = file; path = green_league_2011.sqlite; sourceTree = "<group>"; };
		3DD5E8C0138BB12C00D968C2 /* ScoreClassHelper.h */ = {isa = PBXFileReference; fileEncoding = 4; lastKnownFileType = sourcecode.c.h; path = ScoreClassHelper.h; sourceTree = "<group>"; };
		3DD5E8C1138BB12C00D968C2 /* ScoreClassHelper.m */ = {isa = PBXFileReference; fileEncoding = 4; lastKnownFileType = sourcecode.c.objc; path = ScoreClassHelper.m; sourceTree = "<group>"; };
		3DD5E8C3138BE4F100D968C2 /* badge_1st@2x.png */ = {isa = PBXFileReference; lastKnownFileType = image.png; path = "badge_1st@2x.png"; sourceTree = "<group>"; };
		3DD5E8C4138BE4F100D968C2 /* badge_3rd@2x.png */ = {isa = PBXFileReference; lastKnownFileType = image.png; path = "badge_3rd@2x.png"; sourceTree = "<group>"; };
		3DD5E8C5138BE4F100D968C2 /* badge_21@2x.png */ = {isa = PBXFileReference; lastKnownFileType = image.png; path = "badge_21@2x.png"; sourceTree = "<group>"; };
		3DD5E8C6138BE4F100D968C2 /* badge_22@2x.png */ = {isa = PBXFileReference; lastKnownFileType = image.png; path = "badge_22@2x.png"; sourceTree = "<group>"; };
		3DD5E8C7138BE4F200D968C2 /* badge_fail@2x.png */ = {isa = PBXFileReference; lastKnownFileType = image.png; path = "badge_fail@2x.png"; sourceTree = "<group>"; };
		3DD5E8CD138BEC1E00D968C2 /* background-leaf.png */ = {isa = PBXFileReference; lastKnownFileType = image.png; path = "background-leaf.png"; sourceTree = "<group>"; };
		3DD5E8CE138BEC1F00D968C2 /* background-leaf@2x.png */ = {isa = PBXFileReference; lastKnownFileType = image.png; path = "background-leaf@2x.png"; sourceTree = "<group>"; };
		3DD5E8D1138BF20500D968C2 /* gl2011-about-page.png */ = {isa = PBXFileReference; lastKnownFileType = image.png; path = "gl2011-about-page.png"; sourceTree = "<group>"; };
		3DD5E8D2138BF20500D968C2 /* gl2011-about-page@2x.png */ = {isa = PBXFileReference; lastKnownFileType = image.png; path = "gl2011-about-page@2x.png"; sourceTree = "<group>"; };
		3DD5E8D5138BFB2200D968C2 /* gl11-export-final.csv */ = {isa = PBXFileReference; fileEncoding = 4; lastKnownFileType = text; path = "gl11-export-final.csv"; sourceTree = "<group>"; };
		3DD5E8D7138BFB5F00D968C2 /* gl11-raw-export-final-key.csv */ = {isa = PBXFileReference; fileEncoding = 4; lastKnownFileType = text; path = "gl11-raw-export-final-key.csv"; sourceTree = "<group>"; };
		3DD5E8D9138CFD9D00D968C2 /* donate_button.jpg */ = {isa = PBXFileReference; lastKnownFileType = image.jpeg; path = donate_button.jpg; sourceTree = "<group>"; };
		3DD5E8DA138CFD9D00D968C2 /* donate_button@2x.jpg */ = {isa = PBXFileReference; lastKnownFileType = image.jpeg; path = "donate_button@2x.jpg"; sourceTree = "<group>"; };
		3DD5E8DD138D05DF00D968C2 /* UIApplication+Helper.h */ = {isa = PBXFileReference; fileEncoding = 4; lastKnownFileType = sourcecode.c.h; path = "UIApplication+Helper.h"; sourceTree = "<group>"; };
		3DD5E8DE138D05E000D968C2 /* UIApplication+Helper.m */ = {isa = PBXFileReference; fileEncoding = 4; lastKnownFileType = sourcecode.c.objc; path = "UIApplication+Helper.m"; sourceTree = "<group>"; };
		3DE4281B1327F498002C53CE /* UniversityComparisonTitlesViewController.h */ = {isa = PBXFileReference; fileEncoding = 4; lastKnownFileType = sourcecode.c.h; path = UniversityComparisonTitlesViewController.h; sourceTree = "<group>"; };
		3DE4281C1327F499002C53CE /* UniversityComparisonTitlesViewController.m */ = {isa = PBXFileReference; fileEncoding = 4; lastKnownFileType = sourcecode.c.objc; path = UniversityComparisonTitlesViewController.m; sourceTree = "<group>"; };
		3DF051C0131FA15700AC430F /* AwardClassHelper.h */ = {isa = PBXFileReference; fileEncoding = 4; lastKnownFileType = sourcecode.c.h; path = AwardClassHelper.h; sourceTree = "<group>"; };
		3DF051C1131FA15700AC430F /* AwardClassHelper.m */ = {isa = PBXFileReference; fileEncoding = 4; lastKnownFileType = sourcecode.c.objc; path = AwardClassHelper.m; sourceTree = "<group>"; };
		8D1107310486CEB800E47090 /* GreenLeague-Info.plist */ = {isa = PBXFileReference; fileEncoding = 4; lastKnownFileType = text.plist.xml; path = "GreenLeague-Info.plist"; plistStructureDefinitionIdentifier = "com.apple.xcode.plist.structure-definition.iphone.info-plist"; sourceTree = "<group>"; };
/* End PBXFileReference section */

/* Begin PBXFrameworksBuildPhase section */
		1D60588F0D05DD3D006BFB54 /* Frameworks */ = {
			isa = PBXFrameworksBuildPhase;
			buildActionMask = 2147483647;
			files = (
				1D60589F0D05DD5A006BFB54 /* Foundation.framework in Frameworks */,
				1DF5F4E00D08C38300B7A737 /* UIKit.framework in Frameworks */,
				288765080DF74369002DB57D /* CoreGraphics.framework in Frameworks */,
				3DB0D9941315422C006FC601 /* CoreData.framework in Frameworks */,
			);
			runOnlyForDeploymentPostprocessing = 0;
		};
/* End PBXFrameworksBuildPhase section */

/* Begin PBXGroup section */
		080E96DDFE201D6D7F000001 /* Classes */ = {
			isa = PBXGroup;
			children = (
				1D3623240D0F684500981E51 /* GreenLeagueAppDelegate.h */,
				1D3623250D0F684500981E51 /* GreenLeagueAppDelegate.m */,
				3D03AA81131EA8C100F6B225 /* Find */,
				3D03ACCE13214BC800F6B225 /* Compare */,
				3D422DAC1366C84A00DA0F53 /* About */,
				3D54A74A1536E24800339081 /* Methodology */,
			);
			path = Classes;
			sourceTree = "<group>";
		};
		19C28FACFE9D520D11CA2CBB /* Products */ = {
			isa = PBXGroup;
			children = (
				1D6058910D05DD3D006BFB54 /* GreenLeague.app */,
			);
			name = Products;
			sourceTree = "<group>";
		};
		29B97314FDCFA39411CA2CEA /* GreenLeague */ = {
			isa = PBXGroup;
			children = (
				080E96DDFE201D6D7F000001 /* Classes */,
				29B97315FDCFA39411CA2CEA /* Other Sources */,
				29B97317FDCFA39411CA2CEA /* Resources */,
				3D308E8A1316C5D500D37010 /* Models */,
				29B97323FDCFA39411CA2CEA /* Frameworks */,
				19C28FACFE9D520D11CA2CBB /* Products */,
			);
			name = GreenLeague;
			sourceTree = "<group>";
		};
		29B97315FDCFA39411CA2CEA /* Other Sources */ = {
			isa = PBXGroup;
			children = (
				28A0AB4B0D9B1048005BE974 /* GreenLeague_Prefix.pch */,
				29B97316FDCFA39411CA2CEA /* main.m */,
			);
			name = "Other Sources";
			sourceTree = "<group>";
		};
		29B97317FDCFA39411CA2CEA /* Resources */ = {
			isa = PBXGroup;
			children = (
				3DD5E8BE138AC8DC00D968C2 /* green_league_2011.sqlite */,
				3D308E16131658B800D37010 /* Rakefile */,
				3DF051C0131FA15700AC430F /* AwardClassHelper.h */,
				3DF051C1131FA15700AC430F /* AwardClassHelper.m */,
				3DD5E8C0138BB12C00D968C2 /* ScoreClassHelper.h */,
				3DD5E8C1138BB12C00D968C2 /* ScoreClassHelper.m */,
				3DD5E8DD138D05DF00D968C2 /* UIApplication+Helper.h */,
				3DD5E8DE138D05E000D968C2 /* UIApplication+Helper.m */,
				3D308E091316552A00D37010 /* NSString+Helper.h */,
				3D308E0A1316552A00D37010 /* NSString+Helper.m */,
				3D03A6E4131E5A8B00F6B225 /* NSNumber+Helper.h */,
				3D03A6E5131E5A8B00F6B225 /* NSNumber+Helper.m */,
				3D03A8FC131E8CA700F6B225 /* UIColor+Helper.h */,
				3D03A8FD131E8CA700F6B225 /* UIColor+Helper.m */,
				3DB0D97313152B63006FC601 /* Data */,
				3DB0D95213152221006FC601 /* Images */,
				28AD73870D9D96C1002E5188 /* MainWindow.xib */,
				8D1107310486CEB800E47090 /* GreenLeague-Info.plist */,
				3D308E191316590100D37010 /* README.markdown */,
				3DC2E686137BE4A90017E939 /* description.txt */,
			);
			name = Resources;
			sourceTree = "<group>";
		};
		29B97323FDCFA39411CA2CEA /* Frameworks */ = {
			isa = PBXGroup;
			children = (
				1DF5F4DF0D08C38300B7A737 /* UIKit.framework */,
				1D30AB110D05D00D00671497 /* Foundation.framework */,
				288765070DF74369002DB57D /* CoreGraphics.framework */,
				3DB0D9931315422C006FC601 /* CoreData.framework */,
			);
			name = Frameworks;
			sourceTree = "<group>";
		};
		3D03AA81131EA8C100F6B225 /* Find */ = {
			isa = PBXGroup;
			children = (
				3DB0D9461315206D006FC601 /* FindViewController.h */,
				3DB0D9471315206D006FC601 /* FindViewController.m */,
				3DB0D9481315206D006FC601 /* FindViewController.xib */,
				3DCA7323132659E5009D3505 /* FindSelectorViewController.h */,
				3DCA7324132659E5009D3505 /* FindSelectorViewController.m */,
				3DCA7325132659E6009D3505 /* FindSelectorViewController.xib */,
				3D03A6A8131E457900F6B225 /* UniversityDetailViewController.h */,
				3D03A6A9131E457900F6B225 /* UniversityDetailViewController.m */,
				3D03A6AA131E457900F6B225 /* UniversityDetailViewController.xib */,
				3D03AA8A131EAA9400F6B225 /* UniversityMoreDetailViewController.h */,
				3D03AA8B131EAA9400F6B225 /* UniversityMoreDetailViewController.m */,
				3D03AA8C131EAA9400F6B225 /* UniversityMoreDetailViewController.xib */,
			);
			name = Find;
			sourceTree = "<group>";
		};
		3D03ACCE13214BC800F6B225 /* Compare */ = {
			isa = PBXGroup;
			children = (
				3D308E581316BB8C00D37010 /* CompareViewController.h */,
				3D308E591316BB8C00D37010 /* CompareViewController.m */,
				3D308E5A1316BB8C00D37010 /* CompareViewController.xib */,
				3D8EA16A1371AF9000321D71 /* CompareViewControllerFullScreen.h */,
				3D8EA16B1371AF9000321D71 /* CompareViewControllerFullScreen.m */,
				3D8EA16C1371AF9000321D71 /* CompareViewControllerFullScreen.xib */,
				3D125E51138575A80042E1A6 /* UniversityComparisonRowViewController.h */,
				3D125E52138575A80042E1A6 /* UniversityComparisonRowViewController.m */,
				3DE4281B1327F498002C53CE /* UniversityComparisonTitlesViewController.h */,
				3DE4281C1327F499002C53CE /* UniversityComparisonTitlesViewController.m */,
				3D0EDAE8138A7D8600F7AAC7 /* ComparisonViewDimensions.h */,
			);
			name = Compare;
			sourceTree = "<group>";
		};
		3D308E8A1316C5D500D37010 /* Models */ = {
			isa = PBXGroup;
			children = (
				3D03AD4F1321676A00F6B225 /* UniversitiesModel.h */,
				3D03AD501321676A00F6B225 /* UniversitiesModel.m */,
				3DAF684D1386B27B0042E84C /* Score.h */,
				3DAF684E1386B27B0042E84C /* Score.m */,
				3DAF684F1386B27B0042E84C /* ScoreKey.h */,
				3DAF68501386B27B0042E84C /* ScoreKey.m */,
				3DAF68511386B27B0042E84C /* University.h */,
				3DAF68521386B27B0042E84C /* University.m */,
				3DAF68441386B0760042E84C /* _Score.h */,
				3DAF68451386B0760042E84C /* _Score.m */,
				3DAF68461386B0760042E84C /* _ScoreKey.h */,
				3DAF68471386B0760042E84C /* _ScoreKey.m */,
				3DAF68481386B0760042E84C /* _University.h */,
				3DAF68491386B0760042E84C /* _University.m */,
				3D308E881316C5BF00D37010 /* green_league.xcdatamodel */,
			);
			name = Models;
			sourceTree = "<group>";
		};
		3D422DAC1366C84A00DA0F53 /* About */ = {
			isa = PBXGroup;
			children = (
				3D308E601316BBC600D37010 /* AboutViewController.h */,
				3D308E611316BBC600D37010 /* AboutViewController.m */,
				3D308E621316BBC600D37010 /* AboutViewController.xib */,
				3D73129D138E8C0F007F6962 /* About.html */,
			);
			name = About;
			sourceTree = "<group>";
		};
		3D54A74A1536E24800339081 /* Methodology */ = {
			isa = PBXGroup;
			children = (
				3D6289C4138D1D65008B3C08 /* MethodologyViewController.h */,
				3D6289C5138D1D65008B3C08 /* MethodologyViewController.m */,
				3D6289C6138D1D65008B3C08 /* MethodologyViewController.xib */,
				3D6289E3138D4D11008B3C08 /* html */,
			);
			name = Methodology;
			sourceTree = "<group>";
		};
		3D6289E3138D4D11008B3C08 /* html */ = {
			isa = PBXGroup;
			children = (
				3D6289CB138D25A0008B3C08 /* Methodology.html */,
				3D6289E1138D4D0C008B3C08 /* jquery-1.6.1.min.js */,
			);
			name = html;
			path = ..;
			sourceTree = "<group>";
		};
		3DB0D95213152221006FC601 /* Images */ = {
			isa = PBXGroup;
			children = (
				3D0B9ACC138FEC2F00A9D6E6 /* table-key-no-help.png */,
				3D0B9ACD138FEC2F00A9D6E6 /* table-key-no-help@2x.png */,
				3D731269138E698B007F6962 /* 179-notepad.png */,
				3D73126A138E698B007F6962 /* 179-notepad@2x.png */,
				3DD5E8D9138CFD9D00D968C2 /* donate_button.jpg */,
				3DD5E8DA138CFD9D00D968C2 /* donate_button@2x.jpg */,
				3DD5E8D1138BF20500D968C2 /* gl2011-about-page.png */,
				3DD5E8D2138BF20500D968C2 /* gl2011-about-page@2x.png */,
				3DD5E8CD138BEC1E00D968C2 /* background-leaf.png */,
				3DD5E8CE138BEC1F00D968C2 /* background-leaf@2x.png */,
				3D7E78B71372B74C009F4A35 /* Default.png */,
				3D7E78B81372B74C009F4A35 /* Default@2x.png */,
				3D7E78AF1372B0E9009F4A35 /* Icon-72.png */,
				3D7E78B01372B0E9009F4A35 /* Icon.png */,
				3D7E78B11372B0E9009F4A35 /* Icon@2x.png */,
				3D7E78B21372B0E9009F4A35 /* iTunesArtwork.png */,
				3D8EA1791371C93900321D71 /* table-key-fullscreen.png */,
				3D8EA1771371C87C00321D71 /* table-key-fullscreen@2x.png */,
				3D8EA16F1371C18000321D71 /* 09-arrows-out.png */,
				3D8EA1701371C18000321D71 /* 09-arrows-out@2x.png */,
				3D8EA1711371C18000321D71 /* 10-arrows-in.png */,
				3D8EA1721371C18000321D71 /* 10-arrows-in@2x.png */,
				3D422DB91366CC0200DA0F53 /* pebble-logo.png */,
				3DCA733413279F65009D3505 /* 07-arrow-north.png */,
				3DCA733513279F65009D3505 /* 07-arrow-north@2x.png */,
				3DCA733613279F65009D3505 /* 08-arrow-northeast.png */,
				3DCA733713279F65009D3505 /* 08-arrow-northeast@2x.png */,
				3D5BFBE0137013A8004DFA0B /* table-key.png */,
				3D7E78E91372BB97009F4A35 /* table-key@2x.png */,
				3D03AC621321252900F6B225 /* badge_1st.png */,
				3D03AC631321252900F6B225 /* badge_3rd.png */,
				3D03AC641321252900F6B225 /* badge_21.png */,
				3D03AC651321252900F6B225 /* badge_22.png */,
				3D03AC661321252900F6B225 /* badge_fail.png */,
				3DD5E8C3138BE4F100D968C2 /* badge_1st@2x.png */,
				3DD5E8C4138BE4F100D968C2 /* badge_3rd@2x.png */,
				3DD5E8C5138BE4F100D968C2 /* badge_21@2x.png */,
				3DD5E8C6138BE4F100D968C2 /* badge_22@2x.png */,
				3DD5E8C7138BE4F200D968C2 /* badge_fail@2x.png */,
				3D308E701316BCAA00D37010 /* 12-eye.png */,
				3D308E711316BCAA00D37010 /* 12-eye@2x.png */,
				3D308E6C1316BC9F00D37010 /* 189-plant.png */,
				3D308E6D1316BC9F00D37010 /* 189-plant@2x.png */,
				3DB0D9531315222C006FC601 /* 06-magnify.png */,
				3DB0D9541315222C006FC601 /* 06-magnify@2x.png */,
				3D7E78F51372C2DE009F4A35 /* star_awful.png */,
				3D7E78F61372C2DE009F4A35 /* star_awful@2x.png */,
				3D7E78F71372C2DE009F4A35 /* star_excellent.png */,
				3D7E78F81372C2DE009F4A35 /* star_excellent@2x.png */,
				3D7E78F91372C2DE009F4A35 /* star_no_data@2x.png */,
				3D7E78FA1372C2DF009F4A35 /* star_ok.png */,
				3D7E78FB1372C2DF009F4A35 /* star_ok@2x.png */,
				3D7E78FC1372C2DF009F4A35 /* star_poor.png */,
				3D7E78FD1372C2DF009F4A35 /* star_poor@2x.png */,
			);
			name = Images;
			sourceTree = "<group>";
		};
		3DB0D97313152B63006FC601 /* Data */ = {
			isa = PBXGroup;
			children = (
				3DD5E8D5138BFB2200D968C2 /* gl11-export-final.csv */,
				3DD5E8D7138BFB5F00D968C2 /* gl11-raw-export-final-key.csv */,
				3D32953E1385498D00B02A1D /* gl11-export-filtered.csv */,
				3D5A78B01381299E0009858C /* gl11-export-draft-key.csv */,
				3DB0D97113152B60006FC601 /* gl2010.csv */,
			);
			name = Data;
			sourceTree = "<group>";
		};
/* End PBXGroup section */

/* Begin PBXNativeTarget section */
		1D6058900D05DD3D006BFB54 /* GreenLeague */ = {
			isa = PBXNativeTarget;
			buildConfigurationList = 1D6058960D05DD3E006BFB54 /* Build configuration list for PBXNativeTarget "GreenLeague" */;
			buildPhases = (
				1D60588D0D05DD3D006BFB54 /* Resources */,
				1D60588E0D05DD3D006BFB54 /* Sources */,
				1D60588F0D05DD3D006BFB54 /* Frameworks */,
			);
			buildRules = (
			);
			dependencies = (
			);
			name = GreenLeague;
			productName = GreenLeague;
			productReference = 1D6058910D05DD3D006BFB54 /* GreenLeague.app */;
			productType = "com.apple.product-type.application";
		};
/* End PBXNativeTarget section */

/* Begin PBXProject section */
		29B97313FDCFA39411CA2CEA /* Project object */ = {
			isa = PBXProject;
			buildConfigurationList = C01FCF4E08A954540054247B /* Build configuration list for PBXProject "GreenLeague" */;
			compatibilityVersion = "Xcode 3.1";
			developmentRegion = English;
			hasScannedForEncodings = 1;
			knownRegions = (
				English,
				Japanese,
				French,
				German,
			);
			mainGroup = 29B97314FDCFA39411CA2CEA /* GreenLeague */;
			projectDirPath = "";
			projectRoot = "";
			targets = (
				1D6058900D05DD3D006BFB54 /* GreenLeague */,
			);
		};
/* End PBXProject section */

/* Begin PBXResourcesBuildPhase section */
		1D60588D0D05DD3D006BFB54 /* Resources */ = {
			isa = PBXResourcesBuildPhase;
			buildActionMask = 2147483647;
			files = (
				28AD73880D9D96C1002E5188 /* MainWindow.xib in Resources */,
				3DB0D94A1315206D006FC601 /* FindViewController.xib in Resources */,
				3DB0D9551315222C006FC601 /* 06-magnify.png in Resources */,
				3DB0D9561315222C006FC601 /* 06-magnify@2x.png in Resources */,
				3DB0D97213152B60006FC601 /* gl2010.csv in Resources */,
				3D308E17131658B800D37010 /* Rakefile in Resources */,
				3D308E5C1316BB8C00D37010 /* CompareViewController.xib in Resources */,
				3D308E641316BBC600D37010 /* AboutViewController.xib in Resources */,
				3D308E6E1316BC9F00D37010 /* 189-plant.png in Resources */,
				3D308E6F1316BC9F00D37010 /* 189-plant@2x.png in Resources */,
				3D308E721316BCAA00D37010 /* 12-eye.png in Resources */,
				3D308E731316BCAA00D37010 /* 12-eye@2x.png in Resources */,
				3D03A6AC131E457900F6B225 /* UniversityDetailViewController.xib in Resources */,
				3D03AA8E131EAA9400F6B225 /* UniversityMoreDetailViewController.xib in Resources */,
				3D03AC671321252900F6B225 /* badge_1st.png in Resources */,
				3D03AC681321252900F6B225 /* badge_3rd.png in Resources */,
				3D03AC691321252900F6B225 /* badge_21.png in Resources */,
				3D03AC6A1321252900F6B225 /* badge_22.png in Resources */,
				3D03AC6B1321252900F6B225 /* badge_fail.png in Resources */,
				3DCA7327132659E6009D3505 /* FindSelectorViewController.xib in Resources */,
				3DCA733813279F65009D3505 /* 07-arrow-north.png in Resources */,
				3DCA733913279F65009D3505 /* 07-arrow-north@2x.png in Resources */,
				3DCA733A13279F65009D3505 /* 08-arrow-northeast.png in Resources */,
				3DCA733B13279F65009D3505 /* 08-arrow-northeast@2x.png in Resources */,
				3D422DBA1366CC0200DA0F53 /* pebble-logo.png in Resources */,
				3D5BFBE1137013A8004DFA0B /* table-key.png in Resources */,
				3D8EA16E1371AF9100321D71 /* CompareViewControllerFullScreen.xib in Resources */,
				3D8EA1731371C18000321D71 /* 09-arrows-out.png in Resources */,
				3D8EA1741371C18000321D71 /* 09-arrows-out@2x.png in Resources */,
				3D8EA1751371C18000321D71 /* 10-arrows-in.png in Resources */,
				3D8EA1761371C18000321D71 /* 10-arrows-in@2x.png in Resources */,
				3D8EA1781371C87C00321D71 /* table-key-fullscreen@2x.png in Resources */,
				3D8EA17A1371C93900321D71 /* table-key-fullscreen.png in Resources */,
				3D7E78B31372B0E9009F4A35 /* Icon-72.png in Resources */,
				3D7E78B41372B0E9009F4A35 /* Icon.png in Resources */,
				3D7E78B51372B0E9009F4A35 /* Icon@2x.png in Resources */,
				3D7E78B61372B0E9009F4A35 /* iTunesArtwork.png in Resources */,
				3D7E78B91372B74C009F4A35 /* Default.png in Resources */,
				3D7E78BA1372B74C009F4A35 /* Default@2x.png in Resources */,
				3D7E78EA1372BB97009F4A35 /* table-key@2x.png in Resources */,
				3D7E78FE1372C2DF009F4A35 /* star_awful.png in Resources */,
				3D7E78FF1372C2DF009F4A35 /* star_awful@2x.png in Resources */,
				3D7E79001372C2DF009F4A35 /* star_excellent.png in Resources */,
				3D7E79011372C2DF009F4A35 /* star_excellent@2x.png in Resources */,
				3D7E79021372C2DF009F4A35 /* star_no_data@2x.png in Resources */,
				3D7E79031372C2DF009F4A35 /* star_ok.png in Resources */,
				3D7E79041372C2DF009F4A35 /* star_ok@2x.png in Resources */,
				3D7E79051372C2DF009F4A35 /* star_poor.png in Resources */,
				3D7E79061372C2DF009F4A35 /* star_poor@2x.png in Resources */,
				3DC2E687137BE4A90017E939 /* description.txt in Resources */,
				3D5A78B11381299E0009858C /* gl11-export-draft-key.csv in Resources */,
				3D32953F1385498D00B02A1D /* gl11-export-filtered.csv in Resources */,
				3DD5E8BF138AC8DC00D968C2 /* green_league_2011.sqlite in Resources */,
				3DD5E8C8138BE4F200D968C2 /* badge_1st@2x.png in Resources */,
				3DD5E8C9138BE4F200D968C2 /* badge_3rd@2x.png in Resources */,
				3DD5E8CA138BE4F200D968C2 /* badge_21@2x.png in Resources */,
				3DD5E8CB138BE4F200D968C2 /* badge_22@2x.png in Resources */,
				3DD5E8CC138BE4F200D968C2 /* badge_fail@2x.png in Resources */,
				3DD5E8CF138BEC1F00D968C2 /* background-leaf.png in Resources */,
				3DD5E8D0138BEC1F00D968C2 /* background-leaf@2x.png in Resources */,
				3DD5E8D3138BF20500D968C2 /* gl2011-about-page.png in Resources */,
				3DD5E8D4138BF20500D968C2 /* gl2011-about-page@2x.png in Resources */,
				3DD5E8D6138BFB2200D968C2 /* gl11-export-final.csv in Resources */,
				3DD5E8D8138BFB5F00D968C2 /* gl11-raw-export-final-key.csv in Resources */,
				3DD5E8DB138CFD9E00D968C2 /* donate_button.jpg in Resources */,
				3DD5E8DC138CFD9E00D968C2 /* donate_button@2x.jpg in Resources */,
				3D6289C8138D1D65008B3C08 /* MethodologyViewController.xib in Resources */,
				3D6289CC138D25A0008B3C08 /* Methodology.html in Resources */,
				3D6289E4138D4ED3008B3C08 /* jquery-1.6.1.min.js in Resources */,
				3D73126B138E698B007F6962 /* 179-notepad.png in Resources */,
				3D73126C138E698B007F6962 /* 179-notepad@2x.png in Resources */,
				3D73129E138E8C0F007F6962 /* About.html in Resources */,
				3D0B9ACE138FEC2F00A9D6E6 /* table-key-no-help.png in Resources */,
				3D0B9ACF138FEC2F00A9D6E6 /* table-key-no-help@2x.png in Resources */,
			);
			runOnlyForDeploymentPostprocessing = 0;
		};
/* End PBXResourcesBuildPhase section */

/* Begin PBXSourcesBuildPhase section */
		1D60588E0D05DD3D006BFB54 /* Sources */ = {
			isa = PBXSourcesBuildPhase;
			buildActionMask = 2147483647;
			files = (
				1D60589B0D05DD56006BFB54 /* main.m in Sources */,
				1D3623260D0F684500981E51 /* GreenLeagueAppDelegate.m in Sources */,
				3DB0D9491315206D006FC601 /* FindViewController.m in Sources */,
				3D308E0B1316552A00D37010 /* NSString+Helper.m in Sources */,
				3D308E5B1316BB8C00D37010 /* CompareViewController.m in Sources */,
				3D308E631316BBC600D37010 /* AboutViewController.m in Sources */,
				3D308E891316C5BF00D37010 /* green_league.xcdatamodel in Sources */,
				3D03A6AB131E457900F6B225 /* UniversityDetailViewController.m in Sources */,
				3D03A6E6131E5A8B00F6B225 /* NSNumber+Helper.m in Sources */,
				3D03A8FE131E8CA700F6B225 /* UIColor+Helper.m in Sources */,
				3D03AA8D131EAA9400F6B225 /* UniversityMoreDetailViewController.m in Sources */,
				3DF051C2131FA15700AC430F /* AwardClassHelper.m in Sources */,
				3D03AD511321676A00F6B225 /* UniversitiesModel.m in Sources */,
				3DCA7326132659E6009D3505 /* FindSelectorViewController.m in Sources */,
				3DE4281E1327F49C002C53CE /* UniversityComparisonTitlesViewController.m in Sources */,
				3D8EA16D1371AF9100321D71 /* CompareViewControllerFullScreen.m in Sources */,
				3D125E53138575A80042E1A6 /* UniversityComparisonRowViewController.m in Sources */,
				3DAF684A1386B0770042E84C /* _Score.m in Sources */,
				3DAF684B1386B0770042E84C /* _ScoreKey.m in Sources */,
				3DAF684C1386B0770042E84C /* _University.m in Sources */,
				3DAF68531386B27B0042E84C /* Score.m in Sources */,
				3DAF68541386B27B0042E84C /* ScoreKey.m in Sources */,
				3DAF68551386B27B0042E84C /* University.m in Sources */,
				3DD5E8C2138BB12C00D968C2 /* ScoreClassHelper.m in Sources */,
				3DD5E8DF138D05E200D968C2 /* UIApplication+Helper.m in Sources */,
				3D6289C7138D1D65008B3C08 /* MethodologyViewController.m in Sources */,
			);
			runOnlyForDeploymentPostprocessing = 0;
		};
/* End PBXSourcesBuildPhase section */

/* Begin XCBuildConfiguration section */
		1D6058940D05DD3E006BFB54 /* Debug */ = {
			isa = XCBuildConfiguration;
			buildSettings = {
				ALWAYS_SEARCH_USER_PATHS = NO;
				"CODE_SIGN_IDENTITY[sdk=iphoneos*]" = "iPhone Developer: Tu Tak Tran (X3XB88X33V)";
				COPY_PHASE_STRIP = NO;
				GCC_DYNAMIC_NO_PIC = NO;
				GCC_OPTIMIZATION_LEVEL = 0;
				GCC_PRECOMPILE_PREFIX_HEADER = YES;
				GCC_PREFIX_HEADER = GreenLeague_Prefix.pch;
				INFOPLIST_FILE = "GreenLeague-Info.plist";
				IPHONEOS_DEPLOYMENT_TARGET = 4.2;
				PRODUCT_NAME = GreenLeague;
				"PROVISIONING_PROFILE[sdk=iphoneos*]" = "C06FDCCA-6CDD-40E9-843F-FC9BD167C668";
			};
			name = Debug;
		};
		1D6058950D05DD3E006BFB54 /* Release */ = {
			isa = XCBuildConfiguration;
			buildSettings = {
				ALWAYS_SEARCH_USER_PATHS = NO;
				"CODE_SIGN_IDENTITY[sdk=iphoneos*]" = "iPhone Developer: Tu Tak Tran (X3XB88X33V)";
				COPY_PHASE_STRIP = YES;
				GCC_PRECOMPILE_PREFIX_HEADER = YES;
				GCC_PREFIX_HEADER = GreenLeague_Prefix.pch;
				INFOPLIST_FILE = "GreenLeague-Info.plist";
				IPHONEOS_DEPLOYMENT_TARGET = 4.2;
				PRODUCT_NAME = GreenLeague;
				"PROVISIONING_PROFILE[sdk=iphoneos*]" = "C06FDCCA-6CDD-40E9-843F-FC9BD167C668";
				VALIDATE_PRODUCT = YES;
			};
			name = Release;
		};
		3D308E1C1316598800D37010 /* Adhoc */ = {
			isa = XCBuildConfiguration;
			buildSettings = {
				ARCHS = "$(ARCHS_STANDARD_32_BIT)";
				"CODE_SIGN_IDENTITY[sdk=iphoneos*]" = "iPhone Developer: Tu Tak Tran (X3XB88X33V)";
				GCC_C_LANGUAGE_STANDARD = c99;
				GCC_VERSION = com.apple.compilers.llvm.clang.1_0;
				GCC_WARN_ABOUT_RETURN_TYPE = YES;
				GCC_WARN_UNUSED_VARIABLE = YES;
				OTHER_CFLAGS = "-DNS_BLOCK_ASSERTIONS=1";
				PREBINDING = NO;
				"PROVISIONING_PROFILE[sdk=iphoneos*]" = "4BA1AA84-6C01-432E-A4E3-75A452F7AD45";
				SDKROOT = iphoneos;
			};
			name = Adhoc;
		};
		3D308E1D1316598800D37010 /* Adhoc */ = {
			isa = XCBuildConfiguration;
			buildSettings = {
				ALWAYS_SEARCH_USER_PATHS = NO;
				"CODE_SIGN_IDENTITY[sdk=iphoneos*]" = "iPhone Developer: Tu Tak Tran (X3XB88X33V)";
				COPY_PHASE_STRIP = YES;
				GCC_PRECOMPILE_PREFIX_HEADER = YES;
				GCC_PREFIX_HEADER = GreenLeague_Prefix.pch;
				INFOPLIST_FILE = "GreenLeague-Info.plist";
				IPHONEOS_DEPLOYMENT_TARGET = 4.2;
				PRODUCT_NAME = GreenLeague;
				"PROVISIONING_PROFILE[sdk=iphoneos*]" = "C06FDCCA-6CDD-40E9-843F-FC9BD167C668";
				VALIDATE_PRODUCT = YES;
			};
			name = Adhoc;
		};
		C01FCF4F08A954540054247B /* Debug */ = {
			isa = XCBuildConfiguration;
			buildSettings = {
				ARCHS = "$(ARCHS_STANDARD_32_BIT)";
				"CODE_SIGN_IDENTITY[sdk=iphoneos*]" = "iPhone Developer: Tu Tak Tran (X3XB88X33V)";
				GCC_C_LANGUAGE_STANDARD = c99;
				GCC_VERSION = com.apple.compilers.llvm.clang.1_0;
				GCC_WARN_ABOUT_RETURN_TYPE = YES;
				GCC_WARN_UNUSED_VARIABLE = YES;
				PREBINDING = NO;
				"PROVISIONING_PROFILE[sdk=iphoneos*]" = "4BA1AA84-6C01-432E-A4E3-75A452F7AD45";
				SDKROOT = iphoneos;
			};
			name = Debug;
		};
		C01FCF5008A954540054247B /* Release */ = {
			isa = XCBuildConfiguration;
			buildSettings = {
				ARCHS = "$(ARCHS_STANDARD_32_BIT)";
				"CODE_SIGN_IDENTITY[sdk=iphoneos*]" = "iPhone Developer: Tu Tak Tran (X3XB88X33V)";
				GCC_C_LANGUAGE_STANDARD = c99;
				GCC_VERSION = com.apple.compilers.llvm.clang.1_0;
				GCC_WARN_ABOUT_RETURN_TYPE = YES;
				GCC_WARN_UNUSED_VARIABLE = YES;
				OTHER_CFLAGS = "-DNS_BLOCK_ASSERTIONS=1";
				PREBINDING = NO;
				"PROVISIONING_PROFILE[sdk=iphoneos*]" = "4BA1AA84-6C01-432E-A4E3-75A452F7AD45";
				SDKROOT = iphoneos;
			};
			name = Release;
		};
/* End XCBuildConfiguration section */

/* Begin XCConfigurationList section */
		1D6058960D05DD3E006BFB54 /* Build configuration list for PBXNativeTarget "GreenLeague" */ = {
			isa = XCConfigurationList;
			buildConfigurations = (
				1D6058940D05DD3E006BFB54 /* Debug */,
				3D308E1D1316598800D37010 /* Adhoc */,
				1D6058950D05DD3E006BFB54 /* Release */,
			);
			defaultConfigurationIsVisible = 0;
			defaultConfigurationName = Release;
		};
		C01FCF4E08A954540054247B /* Build configuration list for PBXProject "GreenLeague" */ = {
			isa = XCConfigurationList;
			buildConfigurations = (
				C01FCF4F08A954540054247B /* Debug */,
				3D308E1C1316598800D37010 /* Adhoc */,
				C01FCF5008A954540054247B /* Release */,
			);
			defaultConfigurationIsVisible = 0;
			defaultConfigurationName = Release;
		};
/* End XCConfigurationList section */
	};
	rootObject = 29B97313FDCFA39411CA2CEA /* Project object */;
}
